
Microsoft Visual Studio Solution File, Format Version 12.00
# Visual Studio 15
VisualStudioVersion = 15.0.27130.2027
MinimumVisualStudioVersion = 10.0.40219.1
Project("{FAE04EC0-301F-11D3-BF4B-00C04F79EFBC}") = "Tachan.WS.Client", "Tachan.WS.Client\Tachan.WS.Client.csproj", "{7C305BDD-A6E2-42DD-B0E5-8262F6DA6C60}"
EndProject
Project("{FAE04EC0-301F-11D3-BF4B-00C04F79EFBC}") = "Tachan.WS.WCF", "Tachan.WS.WCF\Tachan.WS.WCF.csproj", "{18F0762C-FA82-4D46-8B8C-059DB89B9314}"
EndProject
Project("{FAE04EC0-301F-11D3-BF4B-00C04F79EFBC}") = "Tachan.WS.WebApi", "Tachan.WS.WebApi\Tachan.WS.WebApi.csproj", "{BDFC580E-6FDC-495D-8A7A-1083BB5BD1EB}"
EndProject
Project("{FAE04EC0-301F-11D3-BF4B-00C04F79EFBC}") = "Tachan.WS.SOAP", "Tachan.WS.SOAP\Tachan.WS.SOAP.csproj", "{B5469608-8F7E-419B-85BC-8EADC84C3AA2}"
EndProject
Global
	GlobalSection(SolutionConfigurationPlatforms) = preSolution
		Debug|Any CPU = Debug|Any CPU
		Release|Any CPU = Release|Any CPU
	EndGlobalSection
	GlobalSection(ProjectConfigurationPlatforms) = postSolution
		{7C305BDD-A6E2-42DD-B0E5-8262F6DA6C60}.Debug|Any CPU.ActiveCfg = Debug|Any CPU
		{7C305BDD-A6E2-42DD-B0E5-8262F6DA6C60}.Debug|Any CPU.Build.0 = Debug|Any CPU
		{7C305BDD-A6E2-42DD-B0E5-8262F6DA6C60}.Release|Any CPU.ActiveCfg = Release|Any CPU
		{7C305BDD-A6E2-42DD-B0E5-8262F6DA6C60}.Release|Any CPU.Build.0 = Release|Any CPU
		{18F0762C-FA82-4D46-8B8C-059DB89B9314}.Debug|Any CPU.ActiveCfg = Debug|Any CPU
		{18F0762C-FA82-4D46-8B8C-059DB89B9314}.Debug|Any CPU.Build.0 = Debug|Any CPU
		{18F0762C-FA82-4D46-8B8C-059DB89B9314}.Release|Any CPU.ActiveCfg = Release|Any CPU
		{18F0762C-FA82-4D46-8B8C-059DB89B9314}.Release|Any CPU.Build.0 = Release|Any CPU
		{BDFC580E-6FDC-495D-8A7A-1083BB5BD1EB}.Debug|Any CPU.ActiveCfg = Debug|Any CPU
		{BDFC580E-6FDC-495D-8A7A-1083BB5BD1EB}.Debug|Any CPU.Build.0 = Debug|Any CPU
		{BDFC580E-6FDC-495D-8A7A-1083BB5BD1EB}.Release|Any CPU.ActiveCfg = Release|Any CPU
		{BDFC580E-6FDC-495D-8A7A-1083BB5BD1EB}.Release|Any CPU.Build.0 = Release|Any CPU
		{B5469608-8F7E-419B-85BC-8EADC84C3AA2}.Debug|Any CPU.ActiveCfg = Debug|Any CPU
		{B5469608-8F7E-419B-85BC-8EADC84C3AA2}.Debug|Any CPU.Build.0 = Debug|Any CPU
		{B5469608-8F7E-419B-85BC-8EADC84C3AA2}.Release|Any CPU.ActiveCfg = Release|Any CPU
		{B5469608-8F7E-419B-85BC-8EADC84C3AA2}.Release|Any CPU.Build.0 = Release|Any CPU
	EndGlobalSection
	GlobalSection(SolutionProperties) = preSolution
		HideSolutionNode = FALSE
	EndGlobalSection
	GlobalSection(ExtensibilityGlobals) = postSolution
		SolutionGuid = {6832035D-376A-44BB-9CF0-C3FFD00A2E88}
	EndGlobalSection
EndGlobal
