
Microsoft Visual Studio Solution File, Format Version 12.00
# Visual Studio 15
VisualStudioVersion = 15.0.27130.2027
MinimumVisualStudioVersion = 10.0.40219.1
Project("{FAE04EC0-301F-11D3-BF4B-00C04F79EFBC}") = "Tachan.WS.Client", "Tachan.WS.Client\Tachan.WS.Client.csproj", "{7C305BDD-A6E2-42DD-B0E5-8262F6DA6C60}"
EndProject
Project("{FAE04EC0-301F-11D3-BF4B-00C04F79EFBC}") = "Tachan.WebApi.WS", "Tachan.WS.WebApi\Tachan.WebApi.WS.csproj", "{414314A9-C7D3-4D77-92E1-BFE815172812}"
EndProject
Project("{FAE04EC0-301F-11D3-BF4B-00C04F79EFBC}") = "Tachan.WS.WCF", "Tachan.WS.WCF\Tachan.WS.WCF.csproj", "{18F0762C-FA82-4D46-8B8C-059DB89B9314}"
EndProject
Global
	GlobalSection(SolutionConfigurationPlatforms) = preSolution
		Debug|Any CPU = Debug|Any CPU
		Release|Any CPU = Release|Any CPU
	EndGlobalSection
	GlobalSection(ProjectConfigurationPlatforms) = postSolution
		{7C305BDD-A6E2-42DD-B0E5-8262F6DA6C60}.Debug|Any CPU.ActiveCfg = Debug|Any CPU
		{7C305BDD-A6E2-42DD-B0E5-8262F6DA6C60}.Debug|Any CPU.Build.0 = Debug|Any CPU
		{7C305BDD-A6E2-42DD-B0E5-8262F6DA6C60}.Release|Any CPU.ActiveCfg = Release|Any CPU
		{7C305BDD-A6E2-42DD-B0E5-8262F6DA6C60}.Release|Any CPU.Build.0 = Release|Any CPU
		{414314A9-C7D3-4D77-92E1-BFE815172812}.Debug|Any CPU.ActiveCfg = Debug|Any CPU
		{414314A9-C7D3-4D77-92E1-BFE815172812}.Debug|Any CPU.Build.0 = Debug|Any CPU
		{414314A9-C7D3-4D77-92E1-BFE815172812}.Release|Any CPU.ActiveCfg = Release|Any CPU
		{414314A9-C7D3-4D77-92E1-BFE815172812}.Release|Any CPU.Build.0 = Release|Any CPU
		{18F0762C-FA82-4D46-8B8C-059DB89B9314}.Debug|Any CPU.ActiveCfg = Debug|Any CPU
		{18F0762C-FA82-4D46-8B8C-059DB89B9314}.Debug|Any CPU.Build.0 = Debug|Any CPU
		{18F0762C-FA82-4D46-8B8C-059DB89B9314}.Release|Any CPU.ActiveCfg = Release|Any CPU
		{18F0762C-FA82-4D46-8B8C-059DB89B9314}.Release|Any CPU.Build.0 = Release|Any CPU
	EndGlobalSection
	GlobalSection(SolutionProperties) = preSolution
		HideSolutionNode = FALSE
	EndGlobalSection
	GlobalSection(ExtensibilityGlobals) = postSolution
		SolutionGuid = {6832035D-376A-44BB-9CF0-C3FFD00A2E88}
	EndGlobalSection
EndGlobal
